
Microsoft Visual Studio Solution File, Format Version 12.00
# Visual Studio Version 16
VisualStudioVersion = 16.0.29728.190
MinimumVisualStudioVersion = 10.0.40219.1
Project("{FAE04EC0-301F-11D3-BF4B-00C04F79EFBC}") = "circustrein", "circustrein\circustrein.csproj", "{0F28F9D8-D61A-42B3-88E3-D1FD259477C8}"
EndProject
Project("{FAE04EC0-301F-11D3-BF4B-00C04F79EFBC}") = "Circustrein.Tests", "Circustrein.Tests\Circustrein.Tests.csproj", "{DD8F3FDE-686E-4B51-81FA-40B3D2AAB030}"
EndProject
Global
	GlobalSection(SolutionConfigurationPlatforms) = preSolution
		Debug|Any CPU = Debug|Any CPU
		Release|Any CPU = Release|Any CPU
	EndGlobalSection
	GlobalSection(ProjectConfigurationPlatforms) = postSolution
		{0F28F9D8-D61A-42B3-88E3-D1FD259477C8}.Debug|Any CPU.ActiveCfg = Debug|Any CPU
		{0F28F9D8-D61A-42B3-88E3-D1FD259477C8}.Debug|Any CPU.Build.0 = Debug|Any CPU
		{0F28F9D8-D61A-42B3-88E3-D1FD259477C8}.Release|Any CPU.ActiveCfg = Release|Any CPU
		{0F28F9D8-D61A-42B3-88E3-D1FD259477C8}.Release|Any CPU.Build.0 = Release|Any CPU
		{DD8F3FDE-686E-4B51-81FA-40B3D2AAB030}.Debug|Any CPU.ActiveCfg = Debug|Any CPU
		{DD8F3FDE-686E-4B51-81FA-40B3D2AAB030}.Debug|Any CPU.Build.0 = Debug|Any CPU
		{DD8F3FDE-686E-4B51-81FA-40B3D2AAB030}.Release|Any CPU.ActiveCfg = Release|Any CPU
		{DD8F3FDE-686E-4B51-81FA-40B3D2AAB030}.Release|Any CPU.Build.0 = Release|Any CPU
	EndGlobalSection
	GlobalSection(SolutionProperties) = preSolution
		HideSolutionNode = FALSE
	EndGlobalSection
	GlobalSection(ExtensibilityGlobals) = postSolution
		SolutionGuid = {6611959D-C337-4EBD-BD84-DD71E2D52468}
	EndGlobalSection
EndGlobal
